PODS:
  - chat2desk_sdk (1.0.0)

DEPENDENCIES:
  - chat2desk_sdk (from `/Users/rlyasev/Projects/Chat2DeskSDK/chat2desk_sdk`)

EXTERNAL SOURCES:
  chat2desk_sdk:
    :path: "/Users/rlyasev/Projects/Chat2DeskSDK/chat2desk_sdk"

SPEC CHECKSUMS:
  chat2desk_sdk: 1cbcdf125b03cf33b2bb257bc745af4c00b5febd

PODFILE CHECKSUM: dc1d2544a06b1e508933861ed634e5fb32be6287

COCOAPODS: 1.11.3
