// !$*UTF8*$!
{
	archiveVersion = 1;
	classes = {
	};
	objectVersion = 55;
	objects = {

/* Begin PBXBuildFile section */
		7C14E88B298AC4CF00BE4D23 /* SDK_DemoApp.swift in Sources */ = {isa = PBXBuildFile; fileRef = 7C14E88A298AC4CF00BE4D23 /* SDK_DemoApp.swift */; };
		7C5319812B275D8800A193DC /* HomeViewModel.swift in Sources */ = {isa = PBXBuildFile; fileRef = 7C5319802B275D8800A193DC /* HomeViewModel.swift */; };
		7C60B6182B273AE700D883EE /* NavigationTabs.swift in Sources */ = {isa = PBXBuildFile; fileRef = 7C60B6172B273AE700D883EE /* NavigationTabs.swift */; };
		7C60B61A2B273BA900D883EE /* HomeView.swift in Sources */ = {isa = PBXBuildFile; fileRef = 7C60B6192B273BA900D883EE /* HomeView.swift */; };
		7C60B61C2B273BFB00D883EE /* ChatView.swift in Sources */ = {isa = PBXBuildFile; fileRef = 7C60B61B2B273BFB00D883EE /* ChatView.swift */; };
		7C60B61F2B273C9300D883EE /* Chat2DeskViewModel.swift in Sources */ = {isa = PBXBuildFile; fileRef = 7C60B61E2B273C9300D883EE /* Chat2DeskViewModel.swift */; };
		7CB74D6E299CAFE300E54A06 /* View.swift in Sources */ = {isa = PBXBuildFile; fileRef = 7CB74D6D299CAFE300E54A06 /* View.swift */; };
		7CC59E37298D1E1900F1BFC3 /* Assets.xcassets in Resources */ = {isa = PBXBuildFile; fileRef = 7C14E88E298AC4D000BE4D23 /* Assets.xcassets */; };
		7CC59E38298D1E2200F1BFC3 /* Preview Assets.xcassets in Resources */ = {isa = PBXBuildFile; fileRef = 7C14E891298AC4D000BE4D23 /* Preview Assets.xcassets */; };
		7CC59E3B298D1FBA00F1BFC3 /* Chat.swift in Sources */ = {isa = PBXBuildFile; fileRef = 7CC59E3A298D1FBA00F1BFC3 /* Chat.swift */; };
		7CC59E3F298D1FEF00F1BFC3 /* Header.swift in Sources */ = {isa = PBXBuildFile; fileRef = 7CC59E3E298D1FEF00F1BFC3 /* Header.swift */; };
		7CC59E41298D200500F1BFC3 /* ConnectionStatus.swift in Sources */ = {isa = PBXBuildFile; fileRef = 7CC59E40298D200500F1BFC3 /* ConnectionStatus.swift */; };
		7CC59E43298D201A00F1BFC3 /* OperatorView.swift in Sources */ = {isa = PBXBuildFile; fileRef = 7CC59E42298D201A00F1BFC3 /* OperatorView.swift */; };
		7CC59E46298D203300F1BFC3 /* MessageInput.swift in Sources */ = {isa = PBXBuildFile; fileRef = 7CC59E45298D203300F1BFC3 /* MessageInput.swift */; };
		7CC59E48298D204000F1BFC3 /* AttachmentModal.swift in Sources */ = {isa = PBXBuildFile; fileRef = 7CC59E47298D204000F1BFC3 /* AttachmentModal.swift */; };
		7CC59E4A298D205200F1BFC3 /* AttachmentPreview.swift in Sources */ = {isa = PBXBuildFile; fileRef = 7CC59E49298D205200F1BFC3 /* AttachmentPreview.swift */; };
		7CC59E4D298D206C00F1BFC3 /* MessageList.swift in Sources */ = {isa = PBXBuildFile; fileRef = 7CC59E4C298D206C00F1BFC3 /* MessageList.swift */; };
		7CC59E4F298D207C00F1BFC3 /* MessageListItem.swift in Sources */ = {isa = PBXBuildFile; fileRef = 7CC59E4E298D207C00F1BFC3 /* MessageListItem.swift */; };
		7CC59E51298D208E00F1BFC3 /* DocumentAttachment.swift in Sources */ = {isa = PBXBuildFile; fileRef = 7CC59E50298D208E00F1BFC3 /* DocumentAttachment.swift */; };
		7CC59E53298D209D00F1BFC3 /* ImageAttachment.swift in Sources */ = {isa = PBXBuildFile; fileRef = 7CC59E52298D209D00F1BFC3 /* ImageAttachment.swift */; };
		7CC59E56298D20B600F1BFC3 /* ImagePicker.swift in Sources */ = {isa = PBXBuildFile; fileRef = 7CC59E55298D20B600F1BFC3 /* ImagePicker.swift */; };
		7CC59E58298D20C600F1BFC3 /* DocumentPicker.swift in Sources */ = {isa = PBXBuildFile; fileRef = 7CC59E57298D20C600F1BFC3 /* DocumentPicker.swift */; };
		7CC59E5B298D20E300F1BFC3 /* ActionSheetCardItem.swift in Sources */ = {isa = PBXBuildFile; fileRef = 7CC59E5A298D20E300F1BFC3 /* ActionSheetCardItem.swift */; };
		7CC59E5D298D20F300F1BFC3 /* GreyOutOfFocusView.swift in Sources */ = {isa = PBXBuildFile; fileRef = 7CC59E5C298D20F300F1BFC3 /* GreyOutOfFocusView.swift */; };
		7CC59E5F298D210A00F1BFC3 /* ActionSheetCard.swift in Sources */ = {isa = PBXBuildFile; fileRef = 7CC59E5E298D210A00F1BFC3 /* ActionSheetCard.swift */; };
		7CC59E62298D212C00F1BFC3 /* Colors.swift in Sources */ = {isa = PBXBuildFile; fileRef = 7CC59E61298D212C00F1BFC3 /* Colors.swift */; };
		7CC59E65298D214F00F1BFC3 /* FileMetadata.swift in Sources */ = {isa = PBXBuildFile; fileRef = 7CC59E64298D214F00F1BFC3 /* FileMetadata.swift */; };
		7CC59E67298D215E00F1BFC3 /* Format.swift in Sources */ = {isa = PBXBuildFile; fileRef = 7CC59E66298D215E00F1BFC3 /* Format.swift */; };
		7CC59E69298D217300F1BFC3 /* DeliveryStatus.swift in Sources */ = {isa = PBXBuildFile; fileRef = 7CC59E68298D217300F1BFC3 /* DeliveryStatus.swift */; };
		7CC59E6D298D300D00F1BFC3 /* Localizable.strings in Resources */ = {isa = PBXBuildFile; fileRef = 7CC59E6F298D300D00F1BFC3 /* Localizable.strings */; };
		7CF548A92BE4BBA50080BB68 /* SearchView.swift in Sources */ = {isa = PBXBuildFile; fileRef = 7CF548A82BE4BBA50080BB68 /* SearchView.swift */; };
		ABA8334787BAE639403E1F92 /* Pods_iOS_SDK_Demo.framework in Frameworks */ = {isa = PBXBuildFile; fileRef = 6D356A152A0A3B3DE025E639 /* Pods_iOS_SDK_Demo.framework */; };
/* End PBXBuildFile section */

/* Begin PBXFileReference section */
		4B76A40642FBC5B5C105E10A /* Pods-SDK Demo.release.xcconfig */ = {isa = PBXFileReference; includeInIndex = 1; lastKnownFileType = text.xcconfig; name = "Pods-SDK Demo.release.xcconfig"; path = "Target Support Files/Pods-SDK Demo/Pods-SDK Demo.release.xcconfig"; sourceTree = "<group>"; };
		5B1BB7699949DAEB95D15BB2 /* Pods-SDK Demo.debug.xcconfig */ = {isa = PBXFileReference; includeInIndex = 1; lastKnownFileType = text.xcconfig; name = "Pods-SDK Demo.debug.xcconfig"; path = "Target Support Files/Pods-SDK Demo/Pods-SDK Demo.debug.xcconfig"; sourceTree = "<group>"; };
		6D356A152A0A3B3DE025E639 /* Pods_iOS_SDK_Demo.framework */ = {isa = PBXFileReference; explicitFileType = wrapper.framework; includeInIndex = 0; path = Pods_iOS_SDK_Demo.framework; sourceTree = BUILT_PRODUCTS_DIR; };
		7C14E887298AC4CF00BE4D23 /* iOS SDK Demo.app */ = {isa = PBXFileReference; explicitFileType = wrapper.application; includeInIndex = 0; path = "iOS SDK Demo.app"; sourceTree = BUILT_PRODUCTS_DIR; };
		7C14E88A298AC4CF00BE4D23 /* SDK_DemoApp.swift */ = {isa = PBXFileReference; lastKnownFileType = sourcecode.swift; path = SDK_DemoApp.swift; sourceTree = "<group>"; };
		7C14E88E298AC4D000BE4D23 /* Assets.xcassets */ = {isa = PBXFileReference; lastKnownFileType = folder.assetcatalog; path = Assets.xcassets; sourceTree = "<group>"; };
		7C14E891298AC4D000BE4D23 /* Preview Assets.xcassets */ = {isa = PBXFileReference; lastKnownFileType = folder.assetcatalog; path = "Preview Assets.xcassets"; sourceTree = "<group>"; };
		7C5319802B275D8800A193DC /* HomeViewModel.swift */ = {isa = PBXFileReference; lastKnownFileType = sourcecode.swift; path = HomeViewModel.swift; sourceTree = "<group>"; };
		7C60B6172B273AE700D883EE /* NavigationTabs.swift */ = {isa = PBXFileReference; lastKnownFileType = sourcecode.swift; path = NavigationTabs.swift; sourceTree = "<group>"; };
		7C60B6192B273BA900D883EE /* HomeView.swift */ = {isa = PBXFileReference; lastKnownFileType = sourcecode.swift; path = HomeView.swift; sourceTree = "<group>"; };
		7C60B61B2B273BFB00D883EE /* ChatView.swift */ = {isa = PBXFileReference; lastKnownFileType = sourcecode.swift; path = ChatView.swift; sourceTree = "<group>"; };
		7C60B61E2B273C9300D883EE /* Chat2DeskViewModel.swift */ = {isa = PBXFileReference; lastKnownFileType = sourcecode.swift; path = Chat2DeskViewModel.swift; sourceTree = "<group>"; };
		7CB74D6D299CAFE300E54A06 /* View.swift */ = {isa = PBXFileReference; lastKnownFileType = sourcecode.swift; path = View.swift; sourceTree = "<group>"; };
		7CC59E3A298D1FBA00F1BFC3 /* Chat.swift */ = {isa = PBXFileReference; lastKnownFileType = sourcecode.swift; path = Chat.swift; sourceTree = "<group>"; };
		7CC59E3E298D1FEF00F1BFC3 /* Header.swift */ = {isa = PBXFileReference; lastKnownFileType = sourcecode.swift; path = Header.swift; sourceTree = "<group>"; };
		7CC59E40298D200500F1BFC3 /* ConnectionStatus.swift */ = {isa = PBXFileReference; lastKnownFileType = sourcecode.swift; path = ConnectionStatus.swift; sourceTree = "<group>"; };
		7CC59E42298D201A00F1BFC3 /* OperatorView.swift */ = {isa = PBXFileReference; lastKnownFileType = sourcecode.swift; path = OperatorView.swift; sourceTree = "<group>"; };
		7CC59E45298D203300F1BFC3 /* MessageInput.swift */ = {isa = PBXFileReference; lastKnownFileType = sourcecode.swift; path = MessageInput.swift; sourceTree = "<group>"; };
		7CC59E47298D204000F1BFC3 /* AttachmentModal.swift */ = {isa = PBXFileReference; lastKnownFileType = sourcecode.swift; path = AttachmentModal.swift; sourceTree = "<group>"; };
		7CC59E49298D205200F1BFC3 /* AttachmentPreview.swift */ = {isa = PBXFileReference; lastKnownFileType = sourcecode.swift; path = AttachmentPreview.swift; sourceTree = "<group>"; };
		7CC59E4C298D206C00F1BFC3 /* MessageList.swift */ = {isa = PBXFileReference; lastKnownFileType = sourcecode.swift; path = MessageList.swift; sourceTree = "<group>"; };
		7CC59E4E298D207C00F1BFC3 /* MessageListItem.swift */ = {isa = PBXFileReference; lastKnownFileType = sourcecode.swift; path = MessageListItem.swift; sourceTree = "<group>"; };
		7CC59E50298D208E00F1BFC3 /* DocumentAttachment.swift */ = {isa = PBXFileReference; lastKnownFileType = sourcecode.swift; path = DocumentAttachment.swift; sourceTree = "<group>"; };
		7CC59E52298D209D00F1BFC3 /* ImageAttachment.swift */ = {isa = PBXFileReference; lastKnownFileType = sourcecode.swift; path = ImageAttachment.swift; sourceTree = "<group>"; };
		7CC59E55298D20B600F1BFC3 /* ImagePicker.swift */ = {isa = PBXFileReference; lastKnownFileType = sourcecode.swift; path = ImagePicker.swift; sourceTree = "<group>"; };
		7CC59E57298D20C600F1BFC3 /* DocumentPicker.swift */ = {isa = PBXFileReference; lastKnownFileType = sourcecode.swift; path = DocumentPicker.swift; sourceTree = "<group>"; };
		7CC59E5A298D20E300F1BFC3 /* ActionSheetCardItem.swift */ = {isa = PBXFileReference; lastKnownFileType = sourcecode.swift; path = ActionSheetCardItem.swift; sourceTree = "<group>"; };
		7CC59E5C298D20F300F1BFC3 /* GreyOutOfFocusView.swift */ = {isa = PBXFileReference; lastKnownFileType = sourcecode.swift; path = GreyOutOfFocusView.swift; sourceTree = "<group>"; };
		7CC59E5E298D210A00F1BFC3 /* ActionSheetCard.swift */ = {isa = PBXFileReference; lastKnownFileType = sourcecode.swift; path = ActionSheetCard.swift; sourceTree = "<group>"; };
		7CC59E61298D212C00F1BFC3 /* Colors.swift */ = {isa = PBXFileReference; lastKnownFileType = sourcecode.swift; path = Colors.swift; sourceTree = "<group>"; };
		7CC59E64298D214F00F1BFC3 /* FileMetadata.swift */ = {isa = PBXFileReference; lastKnownFileType = sourcecode.swift; path = FileMetadata.swift; sourceTree = "<group>"; };
		7CC59E66298D215E00F1BFC3 /* Format.swift */ = {isa = PBXFileReference; lastKnownFileType = sourcecode.swift; path = Format.swift; sourceTree = "<group>"; };
		7CC59E68298D217300F1BFC3 /* DeliveryStatus.swift */ = {isa = PBXFileReference; lastKnownFileType = sourcecode.swift; path = DeliveryStatus.swift; sourceTree = "<group>"; };
		7CC59E6A298D2C5800F1BFC3 /* SDK-Demo-Info.plist */ = {isa = PBXFileReference; lastKnownFileType = text.plist; path = "SDK-Demo-Info.plist"; sourceTree = SOURCE_ROOT; };
		7CC59E6E298D300D00F1BFC3 /* en */ = {isa = PBXFileReference; lastKnownFileType = text.plist.strings; name = en; path = en.lproj/Localizable.strings; sourceTree = "<group>"; };
		7CC59E70298D301200F1BFC3 /* ru */ = {isa = PBXFileReference; lastKnownFileType = text.plist.strings; name = ru; path = ru.lproj/Localizable.strings; sourceTree = "<group>"; };
		7CF548A82BE4BBA50080BB68 /* SearchView.swift */ = {isa = PBXFileReference; lastKnownFileType = sourcecode.swift; path = SearchView.swift; sourceTree = "<group>"; };
		7CF79D96298D1AE600F9FC6F /* Config.xcconfig */ = {isa = PBXFileReference; lastKnownFileType = text.xcconfig; path = Config.xcconfig; sourceTree = "<group>"; };
		93D8F218B72D39AAFF9BE0EF /* Pods-iOS SDK Demo.debug.xcconfig */ = {isa = PBXFileReference; includeInIndex = 1; lastKnownFileType = text.xcconfig; name = "Pods-iOS SDK Demo.debug.xcconfig"; path = "Target Support Files/Pods-iOS SDK Demo/Pods-iOS SDK Demo.debug.xcconfig"; sourceTree = "<group>"; };
		BC7ED34158C2E9791D565227 /* Pods-iOS SDK Demo.release.xcconfig */ = {isa = PBXFileReference; includeInIndex = 1; lastKnownFileType = text.xcconfig; name = "Pods-iOS SDK Demo.release.xcconfig"; path = "Target Support Files/Pods-iOS SDK Demo/Pods-iOS SDK Demo.release.xcconfig"; sourceTree = "<group>"; };
/* End PBXFileReference section */

/* Begin PBXFrameworksBuildPhase section */
		7C14E884298AC4CF00BE4D23 /* Frameworks */ = {
			isa = PBXFrameworksBuildPhase;
			buildActionMask = 2147483647;
			files = (
				ABA8334787BAE639403E1F92 /* Pods_iOS_SDK_Demo.framework in Frameworks */,
			);
			runOnlyForDeploymentPostprocessing = 0;
		};
/* End PBXFrameworksBuildPhase section */

/* Begin PBXGroup section */
		4A9ED7D3804C3DACCB51D371 /* Pods */ = {
			isa = PBXGroup;
			children = (
				5B1BB7699949DAEB95D15BB2 /* Pods-SDK Demo.debug.xcconfig */,
				4B76A40642FBC5B5C105E10A /* Pods-SDK Demo.release.xcconfig */,
				93D8F218B72D39AAFF9BE0EF /* Pods-iOS SDK Demo.debug.xcconfig */,
				BC7ED34158C2E9791D565227 /* Pods-iOS SDK Demo.release.xcconfig */,
			);
			path = Pods;
			sourceTree = "<group>";
		};
		7C14E87E298AC4CF00BE4D23 = {
			isa = PBXGroup;
			children = (
				7CF79D96298D1AE600F9FC6F /* Config.xcconfig */,
				7C14E889298AC4CF00BE4D23 /* iOS SDK Demo */,
				7C14E888298AC4CF00BE4D23 /* Products */,
				4A9ED7D3804C3DACCB51D371 /* Pods */,
				D037A21C712860D5A78D34FB /* Frameworks */,
			);
			sourceTree = "<group>";
		};
		7C14E888298AC4CF00BE4D23 /* Products */ = {
			isa = PBXGroup;
			children = (
				7C14E887298AC4CF00BE4D23 /* iOS SDK Demo.app */,
			);
			name = Products;
			sourceTree = "<group>";
		};
		7C14E889298AC4CF00BE4D23 /* iOS SDK Demo */ = {
			isa = PBXGroup;
			children = (
				7C60B61D2B273C8400D883EE /* ViewModel */,
				7CC59E6A298D2C5800F1BFC3 /* SDK-Demo-Info.plist */,
				7CC59E63298D213E00F1BFC3 /* Utils */,
				7CC59E60298D212300F1BFC3 /* Extensions */,
				7CC59E39298D1FAC00F1BFC3 /* View */,
				7C14E88A298AC4CF00BE4D23 /* SDK_DemoApp.swift */,
				7C14E88E298AC4D000BE4D23 /* Assets.xcassets */,
				7C14E890298AC4D000BE4D23 /* Preview Content */,
				7CC59E6F298D300D00F1BFC3 /* Localizable.strings */,
			);
			path = "iOS SDK Demo";
			sourceTree = "<group>";
		};
		7C14E890298AC4D000BE4D23 /* Preview Content */ = {
			isa = PBXGroup;
			children = (
				7C14E891298AC4D000BE4D23 /* Preview Assets.xcassets */,
			);
			path = "Preview Content";
			sourceTree = "<group>";
		};
		7C60B61D2B273C8400D883EE /* ViewModel */ = {
			isa = PBXGroup;
			children = (
				7C60B61E2B273C9300D883EE /* Chat2DeskViewModel.swift */,
				7C5319802B275D8800A193DC /* HomeViewModel.swift */,
			);
			name = ViewModel;
			sourceTree = "<group>";
		};
		7CC59E39298D1FAC00F1BFC3 /* View */ = {
			isa = PBXGroup;
			children = (
				7CC59E3C298D1FD800F1BFC3 /* Components */,
				7CC59E3A298D1FBA00F1BFC3 /* Chat.swift */,
				7C60B6172B273AE700D883EE /* NavigationTabs.swift */,
				7C60B6192B273BA900D883EE /* HomeView.swift */,
				7C60B61B2B273BFB00D883EE /* ChatView.swift */,
				7CF548A82BE4BBA50080BB68 /* SearchView.swift */,
			);
			path = View;
			sourceTree = "<group>";
		};
		7CC59E3C298D1FD800F1BFC3 /* Components */ = {
			isa = PBXGroup;
			children = (
				7CC59E59298D20D900F1BFC3 /* ActionSheet */,
				7CC59E54298D20AD00F1BFC3 /* Pickers */,
				7CC59E4B298D206200F1BFC3 /* MessageList */,
				7CC59E44298D202900F1BFC3 /* MessageInput */,
				7CC59E3D298D1FE500F1BFC3 /* Header */,
			);
			path = Components;
			sourceTree = "<group>";
		};
		7CC59E3D298D1FE500F1BFC3 /* Header */ = {
			isa = PBXGroup;
			children = (
				7CC59E3E298D1FEF00F1BFC3 /* Header.swift */,
				7CC59E40298D200500F1BFC3 /* ConnectionStatus.swift */,
				7CC59E42298D201A00F1BFC3 /* OperatorView.swift */,
			);
			path = Header;
			sourceTree = "<group>";
		};
		7CC59E44298D202900F1BFC3 /* MessageInput */ = {
			isa = PBXGroup;
			children = (
				7CC59E45298D203300F1BFC3 /* MessageInput.swift */,
				7CC59E47298D204000F1BFC3 /* AttachmentModal.swift */,
				7CC59E49298D205200F1BFC3 /* AttachmentPreview.swift */,
			);
			path = MessageInput;
			sourceTree = "<group>";
		};
		7CC59E4B298D206200F1BFC3 /* MessageList */ = {
			isa = PBXGroup;
			children = (
				7CC59E4C298D206C00F1BFC3 /* MessageList.swift */,
				7CC59E4E298D207C00F1BFC3 /* MessageListItem.swift */,
				7CC59E50298D208E00F1BFC3 /* DocumentAttachment.swift */,
				7CC59E52298D209D00F1BFC3 /* ImageAttachment.swift */,
			);
			path = MessageList;
			sourceTree = "<group>";
		};
		7CC59E54298D20AD00F1BFC3 /* Pickers */ = {
			isa = PBXGroup;
			children = (
				7CC59E55298D20B600F1BFC3 /* ImagePicker.swift */,
				7CC59E57298D20C600F1BFC3 /* DocumentPicker.swift */,
			);
			path = Pickers;
			sourceTree = "<group>";
		};
		7CC59E59298D20D900F1BFC3 /* ActionSheet */ = {
			isa = PBXGroup;
			children = (
				7CC59E5A298D20E300F1BFC3 /* ActionSheetCardItem.swift */,
				7CC59E5C298D20F300F1BFC3 /* GreyOutOfFocusView.swift */,
				7CC59E5E298D210A00F1BFC3 /* ActionSheetCard.swift */,
			);
			path = ActionSheet;
			sourceTree = "<group>";
		};
		7CC59E60298D212300F1BFC3 /* Extensions */ = {
			isa = PBXGroup;
			children = (
				7CC59E61298D212C00F1BFC3 /* Colors.swift */,
				7CB74D6D299CAFE300E54A06 /* View.swift */,
			);
			path = Extensions;
			sourceTree = "<group>";
		};
		7CC59E63298D213E00F1BFC3 /* Utils */ = {
			isa = PBXGroup;
			children = (
				7CC59E64298D214F00F1BFC3 /* FileMetadata.swift */,
				7CC59E66298D215E00F1BFC3 /* Format.swift */,
				7CC59E68298D217300F1BFC3 /* DeliveryStatus.swift */,
			);
			path = Utils;
			sourceTree = "<group>";
		};
		D037A21C712860D5A78D34FB /* Frameworks */ = {
			isa = PBXGroup;
			children = (
				6D356A152A0A3B3DE025E639 /* Pods_iOS_SDK_Demo.framework */,
			);
			name = Frameworks;
			sourceTree = "<group>";
		};
/* End PBXGroup section */

/* Begin PBXNativeTarget section */
		7C14E886298AC4CF00BE4D23 /* iOS SDK Demo */ = {
			isa = PBXNativeTarget;
			buildConfigurationList = 7C14E895298AC4D000BE4D23 /* Build configuration list for PBXNativeTarget "iOS SDK Demo" */;
			buildPhases = (
				5072C97B0F963DDAD61E5A74 /* [CP] Check Pods Manifest.lock */,
				7C14E883298AC4CF00BE4D23 /* Sources */,
				7C14E884298AC4CF00BE4D23 /* Frameworks */,
				7C14E885298AC4CF00BE4D23 /* Resources */,
				67F7CF400B1E1EDC22E92119 /* [CP] Embed Pods Frameworks */,
			);
			buildRules = (
			);
			dependencies = (
			);
			name = "iOS SDK Demo";
			productName = "SDK Demo";
			productReference = 7C14E887298AC4CF00BE4D23 /* iOS SDK Demo.app */;
			productType = "com.apple.product-type.application";
		};
/* End PBXNativeTarget section */

/* Begin PBXProject section */
		7C14E87F298AC4CF00BE4D23 /* Project object */ = {
			isa = PBXProject;
			attributes = {
				BuildIndependentTargetsInParallel = 1;
				LastSwiftUpdateCheck = 1420;
				LastUpgradeCheck = 1420;
				TargetAttributes = {
					7C14E886298AC4CF00BE4D23 = {
						CreatedOnToolsVersion = 14.2;
					};
				};
			};
			buildConfigurationList = 7C14E882298AC4CF00BE4D23 /* Build configuration list for PBXProject "iOS SDK Demo" */;
			compatibilityVersion = "Xcode 13.0";
			developmentRegion = en;
			hasScannedForEncodings = 0;
			knownRegions = (
				en,
				Base,
				ru,
			);
			mainGroup = 7C14E87E298AC4CF00BE4D23;
			productRefGroup = 7C14E888298AC4CF00BE4D23 /* Products */;
			projectDirPath = "";
			projectRoot = "";
			targets = (
				7C14E886298AC4CF00BE4D23 /* iOS SDK Demo */,
			);
		};
/* End PBXProject section */

/* Begin PBXResourcesBuildPhase section */
		7C14E885298AC4CF00BE4D23 /* Resources */ = {
			isa = PBXResourcesBuildPhase;
			buildActionMask = 2147483647;
			files = (
				7CC59E38298D1E2200F1BFC3 /* Preview Assets.xcassets in Resources */,
				7CC59E6D298D300D00F1BFC3 /* Localizable.strings in Resources */,
				7CC59E37298D1E1900F1BFC3 /* Assets.xcassets in Resources */,
			);
			runOnlyForDeploymentPostprocessing = 0;
		};
/* End PBXResourcesBuildPhase section */

/* Begin PBXShellScriptBuildPhase section */
		5072C97B0F963DDAD61E5A74 /* [CP] Check Pods Manifest.lock */ = {
			isa = PBXShellScriptBuildPhase;
			buildActionMask = 2147483647;
			files = (
			);
			inputFileListPaths = (
			);
			inputPaths = (
				"${PODS_PODFILE_DIR_PATH}/Podfile.lock",
				"${PODS_ROOT}/Manifest.lock",
			);
			name = "[CP] Check Pods Manifest.lock";
			outputFileListPaths = (
			);
			outputPaths = (
				"$(DERIVED_FILE_DIR)/Pods-iOS SDK Demo-checkManifestLockResult.txt",
			);
			runOnlyForDeploymentPostprocessing = 0;
			shellPath = /bin/sh;
			shellScript = "diff \"${PODS_PODFILE_DIR_PATH}/Podfile.lock\" \"${PODS_ROOT}/Manifest.lock\" > /dev/null\nif [ $? != 0 ] ; then\n    # print error to STDERR\n    echo \"error: The sandbox is not in sync with the Podfile.lock. Run 'pod install' or update your CocoaPods installation.\" >&2\n    exit 1\nfi\n# This output is used by Xcode 'outputs' to avoid re-running this script phase.\necho \"SUCCESS\" > \"${SCRIPT_OUTPUT_FILE_0}\"\n";
			showEnvVarsInLog = 0;
		};
		67F7CF400B1E1EDC22E92119 /* [CP] Embed Pods Frameworks */ = {
			isa = PBXShellScriptBuildPhase;
			buildActionMask = 2147483647;
			files = (
			);
			inputFileListPaths = (
				"${PODS_ROOT}/Target Support Files/Pods-iOS SDK Demo/Pods-iOS SDK Demo-frameworks-${CONFIGURATION}-input-files.xcfilelist",
			);
			name = "[CP] Embed Pods Frameworks";
			outputFileListPaths = (
				"${PODS_ROOT}/Target Support Files/Pods-iOS SDK Demo/Pods-iOS SDK Demo-frameworks-${CONFIGURATION}-output-files.xcfilelist",
			);
			runOnlyForDeploymentPostprocessing = 0;
			shellPath = /bin/sh;
			shellScript = "\"${PODS_ROOT}/Target Support Files/Pods-iOS SDK Demo/Pods-iOS SDK Demo-frameworks.sh\"\n";
			showEnvVarsInLog = 0;
		};
/* End PBXShellScriptBuildPhase section */

/* Begin PBXSourcesBuildPhase section */
		7C14E883298AC4CF00BE4D23 /* Sources */ = {
			isa = PBXSourcesBuildPhase;
			buildActionMask = 2147483647;
			files = (
				7CC59E56298D20B600F1BFC3 /* ImagePicker.swift in Sources */,
				7CC59E62298D212C00F1BFC3 /* Colors.swift in Sources */,
				7CC59E53298D209D00F1BFC3 /* ImageAttachment.swift in Sources */,
				7CC59E65298D214F00F1BFC3 /* FileMetadata.swift in Sources */,
				7CC59E5D298D20F300F1BFC3 /* GreyOutOfFocusView.swift in Sources */,
				7CC59E51298D208E00F1BFC3 /* DocumentAttachment.swift in Sources */,
				7C14E88B298AC4CF00BE4D23 /* SDK_DemoApp.swift in Sources */,
				7CC59E43298D201A00F1BFC3 /* OperatorView.swift in Sources */,
				7CC59E5B298D20E300F1BFC3 /* ActionSheetCardItem.swift in Sources */,
				7CC59E41298D200500F1BFC3 /* ConnectionStatus.swift in Sources */,
				7C5319812B275D8800A193DC /* HomeViewModel.swift in Sources */,
				7CC59E3F298D1FEF00F1BFC3 /* Header.swift in Sources */,
				7CC59E5F298D210A00F1BFC3 /* ActionSheetCard.swift in Sources */,
				7C60B61F2B273C9300D883EE /* Chat2DeskViewModel.swift in Sources */,
				7CC59E67298D215E00F1BFC3 /* Format.swift in Sources */,
				7CC59E4F298D207C00F1BFC3 /* MessageListItem.swift in Sources */,
				7CC59E69298D217300F1BFC3 /* DeliveryStatus.swift in Sources */,
				7CC59E48298D204000F1BFC3 /* AttachmentModal.swift in Sources */,
				7CC59E4D298D206C00F1BFC3 /* MessageList.swift in Sources */,
				7C60B61C2B273BFB00D883EE /* ChatView.swift in Sources */,
				7CC59E4A298D205200F1BFC3 /* AttachmentPreview.swift in Sources */,
				7CC59E46298D203300F1BFC3 /* MessageInput.swift in Sources */,
				7C60B6182B273AE700D883EE /* NavigationTabs.swift in Sources */,
				7CC59E58298D20C600F1BFC3 /* DocumentPicker.swift in Sources */,
				7CF548A92BE4BBA50080BB68 /* SearchView.swift in Sources */,
				7C60B61A2B273BA900D883EE /* HomeView.swift in Sources */,
				7CB74D6E299CAFE300E54A06 /* View.swift in Sources */,
				7CC59E3B298D1FBA00F1BFC3 /* Chat.swift in Sources */,
			);
			runOnlyForDeploymentPostprocessing = 0;
		};
/* End PBXSourcesBuildPhase section */

/* Begin PBXVariantGroup section */
		7CC59E6F298D300D00F1BFC3 /* Localizable.strings */ = {
			isa = PBXVariantGroup;
			children = (
				7CC59E6E298D300D00F1BFC3 /* en */,
				7CC59E70298D301200F1BFC3 /* ru */,
			);
			name = Localizable.strings;
			sourceTree = "<group>";
		};
/* End PBXVariantGroup section */

/* Begin XCBuildConfiguration section */
		7C14E893298AC4D000BE4D23 /* Debug */ = {
			isa = XCBuildConfiguration;
			baseConfigurationReference = 7CF79D96298D1AE600F9FC6F /* Config.xcconfig */;
			buildSettings = {
				ALWAYS_SEARCH_USER_PATHS = NO;
				CLANG_ANALYZER_NONNULL = YES;
				CLANG_ANALYZER_NUMBER_OBJECT_CONVERSION = YES_AGGRESSIVE;
				CLANG_CXX_LANGUAGE_STANDARD = "gnu++20";
				CLANG_ENABLE_MODULES = YES;
				CLANG_ENABLE_OBJC_ARC = YES;
				CLANG_ENABLE_OBJC_WEAK = YES;
				CLANG_WARN_BLOCK_CAPTURE_AUTORELEASING = YES;
				CLANG_WARN_BOOL_CONVERSION = YES;
				CLANG_WARN_COMMA = YES;
				CLANG_WARN_CONSTANT_CONVERSION = YES;
				CLANG_WARN_DEPRECATED_OBJC_IMPLEMENTATIONS = YES;
				CLANG_WARN_DIRECT_OBJC_ISA_USAGE = YES_ERROR;
				CLANG_WARN_DOCUMENTATION_COMMENTS = YES;
				CLANG_WARN_EMPTY_BODY = YES;
				CLANG_WARN_ENUM_CONVERSION = YES;
				CLANG_WARN_INFINITE_RECURSION = YES;
				CLANG_WARN_INT_CONVERSION = YES;
				CLANG_WARN_NON_LITERAL_NULL_CONVERSION = YES;
				CLANG_WARN_OBJC_IMPLICIT_RETAIN_SELF = YES;
				CLANG_WARN_OBJC_LITERAL_CONVERSION = YES;
				CLANG_WARN_OBJC_ROOT_CLASS = YES_ERROR;
				CLANG_WARN_QUOTED_INCLUDE_IN_FRAMEWORK_HEADER = YES;
				CLANG_WARN_RANGE_LOOP_ANALYSIS = YES;
				CLANG_WARN_STRICT_PROTOTYPES = YES;
				CLANG_WARN_SUSPICIOUS_MOVE = YES;
				CLANG_WARN_UNGUARDED_AVAILABILITY = YES_AGGRESSIVE;
				CLANG_WARN_UNREACHABLE_CODE = YES;
				CLANG_WARN__DUPLICATE_METHOD_MATCH = YES;
				COPY_PHASE_STRIP = NO;
				DEBUG_INFORMATION_FORMAT = dwarf;
				ENABLE_STRICT_OBJC_MSGSEND = YES;
				ENABLE_TESTABILITY = YES;
				GCC_C_LANGUAGE_STANDARD = gnu11;
				GCC_DYNAMIC_NO_PIC = NO;
				GCC_NO_COMMON_BLOCKS = YES;
				GCC_OPTIMIZATION_LEVEL = 0;
				GCC_PREPROCESSOR_DEFINITIONS = (
					"DEBUG=1",
					"$(inherited)",
				);
				GCC_WARN_64_TO_32_BIT_CONVERSION = YES;
				GCC_WARN_ABOUT_RETURN_TYPE = YES_ERROR;
				GCC_WARN_UNDECLARED_SELECTOR = YES;
				GCC_WARN_UNINITIALIZED_AUTOS = YES_AGGRESSIVE;
				GCC_WARN_UNUSED_FUNCTION = YES;
				GCC_WARN_UNUSED_VARIABLE = YES;
				IPHONEOS_DEPLOYMENT_TARGET = 16.2;
				MTL_ENABLE_DEBUG_INFO = INCLUDE_SOURCE;
				MTL_FAST_MATH = YES;
				ONLY_ACTIVE_ARCH = YES;
				SDKROOT = iphoneos;
				SWIFT_ACTIVE_COMPILATION_CONDITIONS = DEBUG;
				SWIFT_OPTIMIZATION_LEVEL = "-Onone";
			};
			name = Debug;
		};
		7C14E894298AC4D000BE4D23 /* Release */ = {
			isa = XCBuildConfiguration;
			baseConfigurationReference = 7CF79D96298D1AE600F9FC6F /* Config.xcconfig */;
			buildSettings = {
				ALWAYS_SEARCH_USER_PATHS = NO;
				CLANG_ANALYZER_NONNULL = YES;
				CLANG_ANALYZER_NUMBER_OBJECT_CONVERSION = YES_AGGRESSIVE;
				CLANG_CXX_LANGUAGE_STANDARD = "gnu++20";
				CLANG_ENABLE_MODULES = YES;
				CLANG_ENABLE_OBJC_ARC = YES;
				CLANG_ENABLE_OBJC_WEAK = YES;
				CLANG_WARN_BLOCK_CAPTURE_AUTORELEASING = YES;
				CLANG_WARN_BOOL_CONVERSION = YES;
				CLANG_WARN_COMMA = YES;
				CLANG_WARN_CONSTANT_CONVERSION = YES;
				CLANG_WARN_DEPRECATED_OBJC_IMPLEMENTATIONS = YES;
				CLANG_WARN_DIRECT_OBJC_ISA_USAGE = YES_ERROR;
				CLANG_WARN_DOCUMENTATION_COMMENTS = YES;
				CLANG_WARN_EMPTY_BODY = YES;
				CLANG_WARN_ENUM_CONVERSION = YES;
				CLANG_WARN_INFINITE_RECURSION = YES;
				CLANG_WARN_INT_CONVERSION = YES;
				CLANG_WARN_NON_LITERAL_NULL_CONVERSION = YES;
				CLANG_WARN_OBJC_IMPLICIT_RETAIN_SELF = YES;
				CLANG_WARN_OBJC_LITERAL_CONVERSION = YES;
				CLANG_WARN_OBJC_ROOT_CLASS = YES_ERROR;
				CLANG_WARN_QUOTED_INCLUDE_IN_FRAMEWORK_HEADER = YES;
				CLANG_WARN_RANGE_LOOP_ANALYSIS = YES;
				CLANG_WARN_STRICT_PROTOTYPES = YES;
				CLANG_WARN_SUSPICIOUS_MOVE = YES;
				CLANG_WARN_UNGUARDED_AVAILABILITY = YES_AGGRESSIVE;
				CLANG_WARN_UNREACHABLE_CODE = YES;
				CLANG_WARN__DUPLICATE_METHOD_MATCH = YES;
				COPY_PHASE_STRIP = NO;
				DEBUG_INFORMATION_FORMAT = "dwarf-with-dsym";
				ENABLE_NS_ASSERTIONS = NO;
				ENABLE_STRICT_OBJC_MSGSEND = YES;
				GCC_C_LANGUAGE_STANDARD = gnu11;
				GCC_NO_COMMON_BLOCKS = YES;
				GCC_WARN_64_TO_32_BIT_CONVERSION = YES;
				GCC_WARN_ABOUT_RETURN_TYPE = YES_ERROR;
				GCC_WARN_UNDECLARED_SELECTOR = YES;
				GCC_WARN_UNINITIALIZED_AUTOS = YES_AGGRESSIVE;
				GCC_WARN_UNUSED_FUNCTION = YES;
				GCC_WARN_UNUSED_VARIABLE = YES;
				IPHONEOS_DEPLOYMENT_TARGET = 16.2;
				MTL_ENABLE_DEBUG_INFO = NO;
				MTL_FAST_MATH = YES;
				SDKROOT = iphoneos;
				SWIFT_COMPILATION_MODE = wholemodule;
				SWIFT_OPTIMIZATION_LEVEL = "-O";
				VALIDATE_PRODUCT = YES;
			};
			name = Release;
		};
		7C14E896298AC4D000BE4D23 /* Debug */ = {
			isa = XCBuildConfiguration;
			baseConfigurationReference = 93D8F218B72D39AAFF9BE0EF /* Pods-iOS SDK Demo.debug.xcconfig */;
			buildSettings = {
				ASSETCATALOG_COMPILER_APPICON_NAME = AppIcon;
				ASSETCATALOG_COMPILER_GLOBAL_ACCENT_COLOR_NAME = AccentColor;
				CODE_SIGN_STYLE = Automatic;
				CURRENT_PROJECT_VERSION = 18;
				DEVELOPMENT_ASSET_PATHS = "\"iOS SDK Demo/Preview Content\"";
				DEVELOPMENT_TEAM = GP3VSUDRQU;
				ENABLE_PREVIEWS = YES;
				GENERATE_INFOPLIST_FILE = YES;
				INFOPLIST_FILE = "SDK-Demo-Info.plist";
				INFOPLIST_KEY_UIApplicationSupportsIndirectInputEvents = YES;
				INFOPLIST_KEY_UILaunchScreen_Generation = YES;
				INFOPLIST_KEY_UIRequiresFullScreen = YES;
				INFOPLIST_KEY_UIStatusBarStyle = UIStatusBarStyleLightContent;
				INFOPLIST_KEY_UISupportedInterfaceOrientations = UIInterfaceOrientationPortrait;
				IPHONEOS_DEPLOYMENT_TARGET = 15.0;
				LD_RUNPATH_SEARCH_PATHS = (
					"$(inherited)",
					"@executable_path/Frameworks",
				);
				MARKETING_VERSION = 1.3.2;
				PRODUCT_BUNDLE_IDENTIFIER = "com.chat2desk.demos.chat2desk-sdk";
				PRODUCT_NAME = "$(TARGET_NAME)";
				SUPPORTED_PLATFORMS = "iphoneos iphonesimulator";
				SUPPORTS_MACCATALYST = NO;
				SUPPORTS_MAC_DESIGNED_FOR_IPHONE_IPAD = YES;
				SWIFT_EMIT_LOC_STRINGS = YES;
				SWIFT_VERSION = 5.0;
				TARGETED_DEVICE_FAMILY = "1,2";
			};
			name = Debug;
		};
		7C14E897298AC4D000BE4D23 /* Release */ = {
			isa = XCBuildConfiguration;
			baseConfigurationReference = BC7ED34158C2E9791D565227 /* Pods-iOS SDK Demo.release.xcconfig */;
			buildSettings = {
				ASSETCATALOG_COMPILER_APPICON_NAME = AppIcon;
				ASSETCATALOG_COMPILER_GLOBAL_ACCENT_COLOR_NAME = AccentColor;
				CODE_SIGN_STYLE = Automatic;
				CURRENT_PROJECT_VERSION = 18;
				DEVELOPMENT_ASSET_PATHS = "\"iOS SDK Demo/Preview Content\"";
				DEVELOPMENT_TEAM = GP3VSUDRQU;
				ENABLE_PREVIEWS = YES;
				GENERATE_INFOPLIST_FILE = YES;
				INFOPLIST_FILE = "SDK-Demo-Info.plist";
				INFOPLIST_KEY_UIApplicationSupportsIndirectInputEvents = YES;
				INFOPLIST_KEY_UILaunchScreen_Generation = YES;
				INFOPLIST_KEY_UIRequiresFullScreen = YES;
				INFOPLIST_KEY_UIStatusBarStyle = UIStatusBarStyleLightContent;
				INFOPLIST_KEY_UISupportedInterfaceOrientations = UIInterfaceOrientationPortrait;
				IPHONEOS_DEPLOYMENT_TARGET = 15.0;
				LD_RUNPATH_SEARCH_PATHS = (
					"$(inherited)",
					"@executable_path/Frameworks",
				);
				MARKETING_VERSION = 1.3.2;
				PRODUCT_BUNDLE_IDENTIFIER = "com.chat2desk.demos.chat2desk-sdk";
				PRODUCT_NAME = "$(TARGET_NAME)";
				SUPPORTED_PLATFORMS = "iphoneos iphonesimulator";
				SUPPORTS_MACCATALYST = NO;
				SUPPORTS_MAC_DESIGNED_FOR_IPHONE_IPAD = YES;
				SWIFT_EMIT_LOC_STRINGS = YES;
				SWIFT_VERSION = 5.0;
				TARGETED_DEVICE_FAMILY = "1,2";
			};
			name = Release;
		};
/* End XCBuildConfiguration section */

/* Begin XCConfigurationList section */
		7C14E882298AC4CF00BE4D23 /* Build configuration list for PBXProject "iOS SDK Demo" */ = {
			isa = XCConfigurationList;
			buildConfigurations = (
				7C14E893298AC4D000BE4D23 /* Debug */,
				7C14E894298AC4D000BE4D23 /* Release */,
			);
			defaultConfigurationIsVisible = 0;
			defaultConfigurationName = Release;
		};
		7C14E895298AC4D000BE4D23 /* Build configuration list for PBXNativeTarget "iOS SDK Demo" */ = {
			isa = XCConfigurationList;
			buildConfigurations = (
				7C14E896298AC4D000BE4D23 /* Debug */,
				7C14E897298AC4D000BE4D23 /* Release */,
			);
			defaultConfigurationIsVisible = 0;
			defaultConfigurationName = Release;
		};
/* End XCConfigurationList section */
	};
	rootObject = 7C14E87F298AC4CF00BE4D23 /* Project object */;
}
